
Microsoft Visual Studio Solution File, Format Version 12.00
# Visual Studio Version 16
VisualStudioVersion = 16.0.29215.179
MinimumVisualStudioVersion = 10.0.40219.1
Project("{FAE04EC0-301F-11D3-BF4B-00C04F79EFBC}") = "kubectlWrapper.Uwp", "kubectlWrapper.Uwp\kubectlWrapper.Uwp.csproj", "{83AA7A0B-6433-45A3-96A9-149E78F99CD1}"
EndProject
Project("{9A19103F-16F7-4668-BE54-9A1E7A4F7556}") = "kubectlWrapper.Shared", "kubectlWrapper.Shared\kubectlWrapper.Shared.csproj", "{3E269B91-5B7A-4E61-8DE1-AF12BCE88BE5}"
EndProject
Project("{9A19103F-16F7-4668-BE54-9A1E7A4F7556}") = "kubectlWrapper.Tests", "kubectlWrapper.Tests\kubectlWrapper.Tests.csproj", "{00423C0A-DED3-49C9-A369-A5F00C18FEFF}"
EndProject
Project("{9A19103F-16F7-4668-BE54-9A1E7A4F7556}") = "kubectlWrapper.Console", "kubectlWrapper.Console\kubectlWrapper.Console.csproj", "{F494CA10-408B-4143-853F-7A280E84A3CA}"
EndProject
Project("{FAE04EC0-301F-11D3-BF4B-00C04F79EFBC}") = "kubectlWrapper.Wpf", "kubectlWrapper.Wpf\kubectlWrapper.Wpf.csproj", "{EE5C671C-0DCE-4C8F-B7E7-29FC40229952}"
EndProject
Global
	GlobalSection(SolutionConfigurationPlatforms) = preSolution
		Debug|Any CPU = Debug|Any CPU
		Debug|ARM = Debug|ARM
		Debug|ARM64 = Debug|ARM64
		Debug|x64 = Debug|x64
		Debug|x86 = Debug|x86
		Release|Any CPU = Release|Any CPU
		Release|ARM = Release|ARM
		Release|ARM64 = Release|ARM64
		Release|x64 = Release|x64
		Release|x86 = Release|x86
		Test|Any CPU = Test|Any CPU
		Test|ARM = Test|ARM
		Test|ARM64 = Test|ARM64
		Test|x64 = Test|x64
		Test|x86 = Test|x86
	EndGlobalSection
	GlobalSection(ProjectConfigurationPlatforms) = postSolution
		{83AA7A0B-6433-45A3-96A9-149E78F99CD1}.Debug|Any CPU.ActiveCfg = Debug|x86
		{83AA7A0B-6433-45A3-96A9-149E78F99CD1}.Debug|ARM.ActiveCfg = Debug|ARM
		{83AA7A0B-6433-45A3-96A9-149E78F99CD1}.Debug|ARM.Build.0 = Debug|ARM
		{83AA7A0B-6433-45A3-96A9-149E78F99CD1}.Debug|ARM.Deploy.0 = Debug|ARM
		{83AA7A0B-6433-45A3-96A9-149E78F99CD1}.Debug|ARM64.ActiveCfg = Debug|ARM64
		{83AA7A0B-6433-45A3-96A9-149E78F99CD1}.Debug|ARM64.Build.0 = Debug|ARM64
		{83AA7A0B-6433-45A3-96A9-149E78F99CD1}.Debug|ARM64.Deploy.0 = Debug|ARM64
		{83AA7A0B-6433-45A3-96A9-149E78F99CD1}.Debug|x64.ActiveCfg = Debug|x64
		{83AA7A0B-6433-45A3-96A9-149E78F99CD1}.Debug|x64.Build.0 = Debug|x64
		{83AA7A0B-6433-45A3-96A9-149E78F99CD1}.Debug|x64.Deploy.0 = Debug|x64
		{83AA7A0B-6433-45A3-96A9-149E78F99CD1}.Debug|x86.ActiveCfg = Debug|x86
		{83AA7A0B-6433-45A3-96A9-149E78F99CD1}.Debug|x86.Build.0 = Debug|x86
		{83AA7A0B-6433-45A3-96A9-149E78F99CD1}.Debug|x86.Deploy.0 = Debug|x86
		{83AA7A0B-6433-45A3-96A9-149E78F99CD1}.Release|Any CPU.ActiveCfg = Release|x86
		{83AA7A0B-6433-45A3-96A9-149E78F99CD1}.Release|ARM.ActiveCfg = Release|ARM
		{83AA7A0B-6433-45A3-96A9-149E78F99CD1}.Release|ARM.Build.0 = Release|ARM
		{83AA7A0B-6433-45A3-96A9-149E78F99CD1}.Release|ARM.Deploy.0 = Release|ARM
		{83AA7A0B-6433-45A3-96A9-149E78F99CD1}.Release|ARM64.ActiveCfg = Release|ARM64
		{83AA7A0B-6433-45A3-96A9-149E78F99CD1}.Release|ARM64.Build.0 = Release|ARM64
		{83AA7A0B-6433-45A3-96A9-149E78F99CD1}.Release|ARM64.Deploy.0 = Release|ARM64
		{83AA7A0B-6433-45A3-96A9-149E78F99CD1}.Release|x64.ActiveCfg = Release|x64
		{83AA7A0B-6433-45A3-96A9-149E78F99CD1}.Release|x64.Build.0 = Release|x64
		{83AA7A0B-6433-45A3-96A9-149E78F99CD1}.Release|x64.Deploy.0 = Release|x64
		{83AA7A0B-6433-45A3-96A9-149E78F99CD1}.Release|x86.ActiveCfg = Release|x86
		{83AA7A0B-6433-45A3-96A9-149E78F99CD1}.Release|x86.Build.0 = Release|x86
		{83AA7A0B-6433-45A3-96A9-149E78F99CD1}.Release|x86.Deploy.0 = Release|x86
		{83AA7A0B-6433-45A3-96A9-149E78F99CD1}.Test|Any CPU.ActiveCfg = Test|x86
		{83AA7A0B-6433-45A3-96A9-149E78F99CD1}.Test|ARM.ActiveCfg = Test|ARM
		{83AA7A0B-6433-45A3-96A9-149E78F99CD1}.Test|ARM.Build.0 = Test|ARM
		{83AA7A0B-6433-45A3-96A9-149E78F99CD1}.Test|ARM.Deploy.0 = Test|ARM
		{83AA7A0B-6433-45A3-96A9-149E78F99CD1}.Test|ARM64.ActiveCfg = Test|ARM64
		{83AA7A0B-6433-45A3-96A9-149E78F99CD1}.Test|ARM64.Build.0 = Test|ARM64
		{83AA7A0B-6433-45A3-96A9-149E78F99CD1}.Test|ARM64.Deploy.0 = Test|ARM64
		{83AA7A0B-6433-45A3-96A9-149E78F99CD1}.Test|x64.ActiveCfg = Test|x64
		{83AA7A0B-6433-45A3-96A9-149E78F99CD1}.Test|x64.Build.0 = Test|x64
		{83AA7A0B-6433-45A3-96A9-149E78F99CD1}.Test|x64.Deploy.0 = Test|x64
		{83AA7A0B-6433-45A3-96A9-149E78F99CD1}.Test|x86.ActiveCfg = Test|x86
		{3E269B91-5B7A-4E61-8DE1-AF12BCE88BE5}.Debug|Any CPU.ActiveCfg = Debug|Any CPU
		{3E269B91-5B7A-4E61-8DE1-AF12BCE88BE5}.Debug|Any CPU.Build.0 = Debug|Any CPU
		{3E269B91-5B7A-4E61-8DE1-AF12BCE88BE5}.Debug|ARM.ActiveCfg = Debug|Any CPU
		{3E269B91-5B7A-4E61-8DE1-AF12BCE88BE5}.Debug|ARM.Build.0 = Debug|Any CPU
		{3E269B91-5B7A-4E61-8DE1-AF12BCE88BE5}.Debug|ARM64.ActiveCfg = Debug|Any CPU
		{3E269B91-5B7A-4E61-8DE1-AF12BCE88BE5}.Debug|ARM64.Build.0 = Debug|Any CPU
		{3E269B91-5B7A-4E61-8DE1-AF12BCE88BE5}.Debug|x64.ActiveCfg = Debug|Any CPU
		{3E269B91-5B7A-4E61-8DE1-AF12BCE88BE5}.Debug|x64.Build.0 = Debug|Any CPU
		{3E269B91-5B7A-4E61-8DE1-AF12BCE88BE5}.Debug|x86.ActiveCfg = Debug|Any CPU
		{3E269B91-5B7A-4E61-8DE1-AF12BCE88BE5}.Debug|x86.Build.0 = Debug|Any CPU
		{3E269B91-5B7A-4E61-8DE1-AF12BCE88BE5}.Release|Any CPU.ActiveCfg = Release|Any CPU
		{3E269B91-5B7A-4E61-8DE1-AF12BCE88BE5}.Release|Any CPU.Build.0 = Release|Any CPU
		{3E269B91-5B7A-4E61-8DE1-AF12BCE88BE5}.Release|ARM.ActiveCfg = Release|Any CPU
		{3E269B91-5B7A-4E61-8DE1-AF12BCE88BE5}.Release|ARM.Build.0 = Release|Any CPU
		{3E269B91-5B7A-4E61-8DE1-AF12BCE88BE5}.Release|ARM64.ActiveCfg = Release|Any CPU
		{3E269B91-5B7A-4E61-8DE1-AF12BCE88BE5}.Release|ARM64.Build.0 = Release|Any CPU
		{3E269B91-5B7A-4E61-8DE1-AF12BCE88BE5}.Release|x64.ActiveCfg = Release|Any CPU
		{3E269B91-5B7A-4E61-8DE1-AF12BCE88BE5}.Release|x64.Build.0 = Release|Any CPU
		{3E269B91-5B7A-4E61-8DE1-AF12BCE88BE5}.Release|x86.ActiveCfg = Release|Any CPU
		{3E269B91-5B7A-4E61-8DE1-AF12BCE88BE5}.Release|x86.Build.0 = Release|Any CPU
		{3E269B91-5B7A-4E61-8DE1-AF12BCE88BE5}.Test|Any CPU.ActiveCfg = Test|Any CPU
		{3E269B91-5B7A-4E61-8DE1-AF12BCE88BE5}.Test|Any CPU.Build.0 = Test|Any CPU
		{3E269B91-5B7A-4E61-8DE1-AF12BCE88BE5}.Test|ARM.ActiveCfg = Test|Any CPU
		{3E269B91-5B7A-4E61-8DE1-AF12BCE88BE5}.Test|ARM.Build.0 = Test|Any CPU
		{3E269B91-5B7A-4E61-8DE1-AF12BCE88BE5}.Test|ARM64.ActiveCfg = Test|Any CPU
		{3E269B91-5B7A-4E61-8DE1-AF12BCE88BE5}.Test|ARM64.Build.0 = Test|Any CPU
		{3E269B91-5B7A-4E61-8DE1-AF12BCE88BE5}.Test|x64.ActiveCfg = Test|Any CPU
		{3E269B91-5B7A-4E61-8DE1-AF12BCE88BE5}.Test|x64.Build.0 = Test|Any CPU
		{3E269B91-5B7A-4E61-8DE1-AF12BCE88BE5}.Test|x86.ActiveCfg = Test|Any CPU
		{3E269B91-5B7A-4E61-8DE1-AF12BCE88BE5}.Test|x86.Build.0 = Test|Any CPU
		{00423C0A-DED3-49C9-A369-A5F00C18FEFF}.Debug|Any CPU.ActiveCfg = Debug|Any CPU
		{00423C0A-DED3-49C9-A369-A5F00C18FEFF}.Debug|Any CPU.Build.0 = Debug|Any CPU
		{00423C0A-DED3-49C9-A369-A5F00C18FEFF}.Debug|ARM.ActiveCfg = Debug|Any CPU
		{00423C0A-DED3-49C9-A369-A5F00C18FEFF}.Debug|ARM.Build.0 = Debug|Any CPU
		{00423C0A-DED3-49C9-A369-A5F00C18FEFF}.Debug|ARM64.ActiveCfg = Debug|Any CPU
		{00423C0A-DED3-49C9-A369-A5F00C18FEFF}.Debug|ARM64.Build.0 = Debug|Any CPU
		{00423C0A-DED3-49C9-A369-A5F00C18FEFF}.Debug|x64.ActiveCfg = Debug|Any CPU
		{00423C0A-DED3-49C9-A369-A5F00C18FEFF}.Debug|x64.Build.0 = Debug|Any CPU
		{00423C0A-DED3-49C9-A369-A5F00C18FEFF}.Debug|x86.ActiveCfg = Debug|Any CPU
		{00423C0A-DED3-49C9-A369-A5F00C18FEFF}.Debug|x86.Build.0 = Debug|Any CPU
		{00423C0A-DED3-49C9-A369-A5F00C18FEFF}.Release|Any CPU.ActiveCfg = Release|Any CPU
		{00423C0A-DED3-49C9-A369-A5F00C18FEFF}.Release|Any CPU.Build.0 = Release|Any CPU
		{00423C0A-DED3-49C9-A369-A5F00C18FEFF}.Release|ARM.ActiveCfg = Release|Any CPU
		{00423C0A-DED3-49C9-A369-A5F00C18FEFF}.Release|ARM.Build.0 = Release|Any CPU
		{00423C0A-DED3-49C9-A369-A5F00C18FEFF}.Release|ARM64.ActiveCfg = Release|Any CPU
		{00423C0A-DED3-49C9-A369-A5F00C18FEFF}.Release|ARM64.Build.0 = Release|Any CPU
		{00423C0A-DED3-49C9-A369-A5F00C18FEFF}.Release|x64.ActiveCfg = Release|Any CPU
		{00423C0A-DED3-49C9-A369-A5F00C18FEFF}.Release|x64.Build.0 = Release|Any CPU
		{00423C0A-DED3-49C9-A369-A5F00C18FEFF}.Release|x86.ActiveCfg = Release|Any CPU
		{00423C0A-DED3-49C9-A369-A5F00C18FEFF}.Release|x86.Build.0 = Release|Any CPU
		{00423C0A-DED3-49C9-A369-A5F00C18FEFF}.Test|Any CPU.ActiveCfg = Test|Any CPU
		{00423C0A-DED3-49C9-A369-A5F00C18FEFF}.Test|Any CPU.Build.0 = Test|Any CPU
		{00423C0A-DED3-49C9-A369-A5F00C18FEFF}.Test|ARM.ActiveCfg = Test|Any CPU
		{00423C0A-DED3-49C9-A369-A5F00C18FEFF}.Test|ARM.Build.0 = Test|Any CPU
		{00423C0A-DED3-49C9-A369-A5F00C18FEFF}.Test|ARM64.ActiveCfg = Test|Any CPU
		{00423C0A-DED3-49C9-A369-A5F00C18FEFF}.Test|ARM64.Build.0 = Test|Any CPU
		{00423C0A-DED3-49C9-A369-A5F00C18FEFF}.Test|x64.ActiveCfg = Test|Any CPU
		{00423C0A-DED3-49C9-A369-A5F00C18FEFF}.Test|x64.Build.0 = Test|Any CPU
		{00423C0A-DED3-49C9-A369-A5F00C18FEFF}.Test|x86.ActiveCfg = Test|Any CPU
		{00423C0A-DED3-49C9-A369-A5F00C18FEFF}.Test|x86.Build.0 = Test|Any CPU
		{F494CA10-408B-4143-853F-7A280E84A3CA}.Debug|Any CPU.ActiveCfg = Debug|Any CPU
		{F494CA10-408B-4143-853F-7A280E84A3CA}.Debug|Any CPU.Build.0 = Debug|Any CPU
		{F494CA10-408B-4143-853F-7A280E84A3CA}.Debug|ARM.ActiveCfg = Debug|Any CPU
		{F494CA10-408B-4143-853F-7A280E84A3CA}.Debug|ARM.Build.0 = Debug|Any CPU
		{F494CA10-408B-4143-853F-7A280E84A3CA}.Debug|ARM64.ActiveCfg = Debug|Any CPU
		{F494CA10-408B-4143-853F-7A280E84A3CA}.Debug|ARM64.Build.0 = Debug|Any CPU
		{F494CA10-408B-4143-853F-7A280E84A3CA}.Debug|x64.ActiveCfg = Debug|Any CPU
		{F494CA10-408B-4143-853F-7A280E84A3CA}.Debug|x64.Build.0 = Debug|Any CPU
		{F494CA10-408B-4143-853F-7A280E84A3CA}.Debug|x86.ActiveCfg = Debug|Any CPU
		{F494CA10-408B-4143-853F-7A280E84A3CA}.Debug|x86.Build.0 = Debug|Any CPU
		{F494CA10-408B-4143-853F-7A280E84A3CA}.Release|Any CPU.ActiveCfg = Release|Any CPU
		{F494CA10-408B-4143-853F-7A280E84A3CA}.Release|Any CPU.Build.0 = Release|Any CPU
		{F494CA10-408B-4143-853F-7A280E84A3CA}.Release|ARM.ActiveCfg = Release|Any CPU
		{F494CA10-408B-4143-853F-7A280E84A3CA}.Release|ARM.Build.0 = Release|Any CPU
		{F494CA10-408B-4143-853F-7A280E84A3CA}.Release|ARM64.ActiveCfg = Release|Any CPU
		{F494CA10-408B-4143-853F-7A280E84A3CA}.Release|ARM64.Build.0 = Release|Any CPU
		{F494CA10-408B-4143-853F-7A280E84A3CA}.Release|x64.ActiveCfg = Release|Any CPU
		{F494CA10-408B-4143-853F-7A280E84A3CA}.Release|x64.Build.0 = Release|Any CPU
		{F494CA10-408B-4143-853F-7A280E84A3CA}.Release|x86.ActiveCfg = Release|Any CPU
		{F494CA10-408B-4143-853F-7A280E84A3CA}.Release|x86.Build.0 = Release|Any CPU
		{F494CA10-408B-4143-853F-7A280E84A3CA}.Test|Any CPU.ActiveCfg = Debug|Any CPU
		{F494CA10-408B-4143-853F-7A280E84A3CA}.Test|Any CPU.Build.0 = Debug|Any CPU
		{F494CA10-408B-4143-853F-7A280E84A3CA}.Test|ARM.ActiveCfg = Debug|Any CPU
		{F494CA10-408B-4143-853F-7A280E84A3CA}.Test|ARM.Build.0 = Debug|Any CPU
		{F494CA10-408B-4143-853F-7A280E84A3CA}.Test|ARM64.ActiveCfg = Debug|Any CPU
		{F494CA10-408B-4143-853F-7A280E84A3CA}.Test|ARM64.Build.0 = Debug|Any CPU
		{F494CA10-408B-4143-853F-7A280E84A3CA}.Test|x64.ActiveCfg = Debug|Any CPU
		{F494CA10-408B-4143-853F-7A280E84A3CA}.Test|x64.Build.0 = Debug|Any CPU
		{F494CA10-408B-4143-853F-7A280E84A3CA}.Test|x86.ActiveCfg = Debug|Any CPU
		{F494CA10-408B-4143-853F-7A280E84A3CA}.Test|x86.Build.0 = Debug|Any CPU
		{EE5C671C-0DCE-4C8F-B7E7-29FC40229952}.Debug|Any CPU.ActiveCfg = Debug|Any CPU
		{EE5C671C-0DCE-4C8F-B7E7-29FC40229952}.Debug|Any CPU.Build.0 = Debug|Any CPU
		{EE5C671C-0DCE-4C8F-B7E7-29FC40229952}.Debug|ARM.ActiveCfg = Debug|Any CPU
		{EE5C671C-0DCE-4C8F-B7E7-29FC40229952}.Debug|ARM.Build.0 = Debug|Any CPU
		{EE5C671C-0DCE-4C8F-B7E7-29FC40229952}.Debug|ARM64.ActiveCfg = Debug|Any CPU
		{EE5C671C-0DCE-4C8F-B7E7-29FC40229952}.Debug|ARM64.Build.0 = Debug|Any CPU
		{EE5C671C-0DCE-4C8F-B7E7-29FC40229952}.Debug|x64.ActiveCfg = Debug|Any CPU
		{EE5C671C-0DCE-4C8F-B7E7-29FC40229952}.Debug|x64.Build.0 = Debug|Any CPU
		{EE5C671C-0DCE-4C8F-B7E7-29FC40229952}.Debug|x86.ActiveCfg = Debug|Any CPU
		{EE5C671C-0DCE-4C8F-B7E7-29FC40229952}.Debug|x86.Build.0 = Debug|Any CPU
		{EE5C671C-0DCE-4C8F-B7E7-29FC40229952}.Release|Any CPU.ActiveCfg = Release|Any CPU
		{EE5C671C-0DCE-4C8F-B7E7-29FC40229952}.Release|Any CPU.Build.0 = Release|Any CPU
		{EE5C671C-0DCE-4C8F-B7E7-29FC40229952}.Release|ARM.ActiveCfg = Release|Any CPU
		{EE5C671C-0DCE-4C8F-B7E7-29FC40229952}.Release|ARM.Build.0 = Release|Any CPU
		{EE5C671C-0DCE-4C8F-B7E7-29FC40229952}.Release|ARM64.ActiveCfg = Release|Any CPU
		{EE5C671C-0DCE-4C8F-B7E7-29FC40229952}.Release|ARM64.Build.0 = Release|Any CPU
		{EE5C671C-0DCE-4C8F-B7E7-29FC40229952}.Release|x64.ActiveCfg = Release|Any CPU
		{EE5C671C-0DCE-4C8F-B7E7-29FC40229952}.Release|x64.Build.0 = Release|Any CPU
		{EE5C671C-0DCE-4C8F-B7E7-29FC40229952}.Release|x86.ActiveCfg = Release|Any CPU
		{EE5C671C-0DCE-4C8F-B7E7-29FC40229952}.Release|x86.Build.0 = Release|Any CPU
		{EE5C671C-0DCE-4C8F-B7E7-29FC40229952}.Test|Any CPU.ActiveCfg = Release|Any CPU
		{EE5C671C-0DCE-4C8F-B7E7-29FC40229952}.Test|Any CPU.Build.0 = Release|Any CPU
		{EE5C671C-0DCE-4C8F-B7E7-29FC40229952}.Test|ARM.ActiveCfg = Release|Any CPU
		{EE5C671C-0DCE-4C8F-B7E7-29FC40229952}.Test|ARM.Build.0 = Release|Any CPU
		{EE5C671C-0DCE-4C8F-B7E7-29FC40229952}.Test|ARM64.ActiveCfg = Release|Any CPU
		{EE5C671C-0DCE-4C8F-B7E7-29FC40229952}.Test|ARM64.Build.0 = Release|Any CPU
		{EE5C671C-0DCE-4C8F-B7E7-29FC40229952}.Test|x64.ActiveCfg = Release|Any CPU
		{EE5C671C-0DCE-4C8F-B7E7-29FC40229952}.Test|x64.Build.0 = Release|Any CPU
		{EE5C671C-0DCE-4C8F-B7E7-29FC40229952}.Test|x86.ActiveCfg = Release|Any CPU
		{EE5C671C-0DCE-4C8F-B7E7-29FC40229952}.Test|x86.Build.0 = Release|Any CPU
	EndGlobalSection
	GlobalSection(SolutionProperties) = preSolution
		HideSolutionNode = FALSE
	EndGlobalSection
	GlobalSection(ExtensibilityGlobals) = postSolution
		SolutionGuid = {16B2A552-9636-4260-B4D7-53BD9C69F3A7}
	EndGlobalSection
EndGlobal
